{
  "version": "1.0.0",
  "lockfileVersion": 1,
  "requires": true,
  "dependencies": {
    "ansi-regex": {
      "version": "2.1.1",
      "resolved": "https://registry.npmjs.org/ansi-regex/-/ansi-regex-2.1.1.tgz",
      "integrity": "sha1-w7M6te42DYbg5ijwRorn7yfWVN8=",
      "dev": true
    },
    "ansi-styles": {
      "version": "2.2.1",
      "resolved": "https://registry.npmjs.org/ansi-styles/-/ansi-styles-2.2.1.tgz",
      "integrity": "sha1-tDLdM1i2NM914eRmQ2gkBTPB3b4=",
      "dev": true
    },
    "chalk": {
      "version": "1.1.3",
      "resolved": "https://registry.npmjs.org/chalk/-/chalk-1.1.3.tgz",
      "integrity": "sha1-qBFcVeSnAv5NFQq9OHKCKn4J/Jg=",
      "dev": true,
      "requires": {
        "ansi-styles": "2.2.1",
        "escape-string-regexp": "1.0.5",
        "has-ansi": "2.0.0",
        "strip-ansi": "3.0.1",
        "supports-color": "2.0.0"
      }
    },
    "clap": {
      "version": "1.2.0",
      "resolved": "https://registry.npmjs.org/clap/-/clap-1.2.0.tgz",
      "integrity": "sha1-WckP4+E3EEdG/xlGmiemNP9oyFc=",
      "dev": true,
      "requires": {
        "chalk": "1.1.3"
      }
    },
    "commander": {
      "version": "2.11.0",
      "resolved": "https://registry.npmjs.org/commander/-/commander-2.11.0.tgz",
      "integrity": "sha512-b0553uYA5YAEGgyYIGYROzKQ7X5RAqedkfjiZxwi0kL1g3bOaBNNZfYkzt/CL0umgD5wc9Jec2FbB98CjkMRvQ==",
      "dev": true
    },
    "css-tree": {
      "version": "1.0.0-alpha19",
      "resolved": "https://registry.npmjs.org/css-tree/-/css-tree-1.0.0-alpha19.tgz",
      "integrity": "sha1-lJqoRsLBWzl5eS6PzgX2tuPrytQ=",
      "dev": true,
      "requires": {
        "source-map": "0.5.7"
      }
    },
    "csso": {
      "version": "3.1.1",
      "resolved": "https://registry.npmjs.org/csso/-/csso-3.1.1.tgz",
      "integrity": "sha1-q0J1hEhsLgLhgDJ1EbCwKpF5wnI=",
      "dev": true,
      "requires": {
        "css-tree": "1.0.0-alpha19"
      }
    },
    "csso-cli": {
      "version": "1.0.0",
      "resolved": "https://registry.npmjs.org/csso-cli/-/csso-cli-1.0.0.tgz",
      "integrity": "sha1-UfUDuGVVNnU+4oJ4abTRpoW297o=",
      "dev": true,
      "requires": {
        "clap": "1.2.0",
        "csso": "3.1.1",
        "source-map": "0.5.7"
      }
    },
    "escape-string-regexp": {
      "version": "1.0.5",
      "resolved": "https://registry.npmjs.org/escape-string-regexp/-/escape-string-regexp-1.0.5.tgz",
      "integrity": "sha1-G2HAViGQqN/2rjuyzwIAyhMLhtQ=",
      "dev": true
    },
    "has-ansi": {
      "version": "2.0.0",
      "resolved": "https://registry.npmjs.org/has-ansi/-/has-ansi-2.0.0.tgz",
      "integrity": "sha1-NPUEnOHs3ysGSa8+8k5F7TVBbZE=",
      "dev": true,
      "requires": {
        "ansi-regex": "2.1.1"
      }
    },
    "prettier": {
      "version": "1.6.1",
      "resolved": "https://registry.npmjs.org/prettier/-/prettier-1.6.1.tgz",
      "integrity": "sha512-f85qBoQiqiFM/sCmJaN4Lagj9bqMcv38vCftqp4GfVessAqq3Ns6g+3gd8UXReStLLE/DGEdwiZXoFKxphKqwg==",
      "dev": true
    },
    "source-map": {
      "version": "0.5.7",
      "resolved": "https://registry.npmjs.org/source-map/-/source-map-0.5.7.tgz",
      "integrity": "sha1-igOdLRAh0i0eoUyA2OpGi6LvP8w=",
      "dev": true
    },
    "strip-ansi": {
      "version": "3.0.1",
      "resolved": "https://registry.npmjs.org/strip-ansi/-/strip-ansi-3.0.1.tgz",
      "integrity": "sha1-ajhfuIU9lS1f8F0Oiq+UJ43GPc8=",
      "dev": true,
      "requires": {
        "ansi-regex": "2.1.1"
      }
    },
    "supports-color": {
      "version": "2.0.0",
      "resolved": "https://registry.npmjs.org/supports-color/-/supports-color-2.0.0.tgz",
      "integrity": "sha1-U10EXOa2Nj+kARcIRimZXp3zJMc=",
      "dev": true
    },
    "uglify-js": {
      "version": "3.0.28",
      "resolved": "https://registry.npmjs.org/uglify-js/-/uglify-js-3.0.28.tgz",
      "integrity": "sha512-0h/qGay016GG2lVav3Kz174F3T2Vjlz2v6HCt+WDQpoXfco0hWwF5gHK9yh88mUYvIC+N7Z8NT8WpjSp1yoqGA==",
      "dev": true,
      "requires": {
        "commander": "2.11.0",
        "source-map": "0.5.7"
      }
    }
  }
}
